
Microsoft Visual Studio Solution File, Format Version 11.00
# Visual Studio 2010
Project("{FAE04EC0-301F-11D3-BF4B-00C04F79EFBC}") = "Assembly-CSharp", "Assembly-CSharp.csproj", "{3c914c1d-c5c8-fa8a-3295-15104115c53c}"
EndProject
Project("{FAE04EC0-301F-11D3-BF4B-00C04F79EFBC}") = "Unity.RenderPipelines.Universal.Explosion.Editor", "Unity.RenderPipelines.Universal.Explosion.Editor.csproj", "{8d4e2dbe-29c9-b69a-7fd9-b891e4b58310}"
EndProject
Global
	GlobalSection(SolutionConfigurationPlatforms) = preSolution
		Debug|Any CPU = Debug|Any CPU
		Release|Any CPU = Release|Any CPU
	EndGlobalSection
	GlobalSection(ProjectConfigurationPlatforms) = postSolution
		{3c914c1d-c5c8-fa8a-3295-15104115c53c}.Debug|Any CPU.ActiveCfg = Debug|Any CPU
		{3c914c1d-c5c8-fa8a-3295-15104115c53c}.Debug|Any CPU.Build.0 = Debug|Any CPU
		{3c914c1d-c5c8-fa8a-3295-15104115c53c}.Release|Any CPU.ActiveCfg = Release|Any CPU
		{3c914c1d-c5c8-fa8a-3295-15104115c53c}.Release|Any CPU.Build.0 = Release|Any CPU
		{8d4e2dbe-29c9-b69a-7fd9-b891e4b58310}.Debug|Any CPU.ActiveCfg = Debug|Any CPU
		{8d4e2dbe-29c9-b69a-7fd9-b891e4b58310}.Debug|Any CPU.Build.0 = Debug|Any CPU
		{8d4e2dbe-29c9-b69a-7fd9-b891e4b58310}.Release|Any CPU.ActiveCfg = Release|Any CPU
		{8d4e2dbe-29c9-b69a-7fd9-b891e4b58310}.Release|Any CPU.Build.0 = Release|Any CPU
	EndGlobalSection
	GlobalSection(SolutionProperties) = preSolution
		HideSolutionNode = FALSE
	EndGlobalSection
EndGlobal
